
Microsoft Visual Studio Solution File, Format Version 12.00
# Visual Studio Version 17
VisualStudioVersion = 17.7.34202.233
MinimumVisualStudioVersion = 10.0.40219.1
Project("{2150E333-8FDC-42A3-9474-1A3956D46DE8}") = "src", "src", "{AC161F1D-EC76-48D2-86A3-B52584618D49}"
	ProjectSection(SolutionItems) = preProject
		src\Directory.Build.props = src\Directory.Build.props
	EndProjectSection
EndProject
Project("{9A19103F-16F7-4668-BE54-9A1E7A4F7556}") = "GenerativeAI", "src\GenerativeAI\GenerativeAI.csproj", "{3B56ADE1-2A08-4774-A7C9-7CDB5EE5735B}"
EndProject
Project("{2150E333-8FDC-42A3-9474-1A3956D46DE8}") = "tests", "tests", "{FCCDE15A-B121-4D6C-BD56-D1B043A26F18}"
EndProject
Project("{9A19103F-16F7-4668-BE54-9A1E7A4F7556}") = "GenerativeAI.Tests", "tests\GenerativeAI.Tests\GenerativeAI.Tests.csproj", "{734EA3CA-DB49-4FD3-ABB5-E185231B1818}"
EndProject
Project("{9A19103F-16F7-4668-BE54-9A1E7A4F7556}") = "GenerativeAI.IntegrationTests", "tests\GenerativeAI.IntegrationTests\GenerativeAI.IntegrationTests.csproj", "{3C094E6B-A3FB-43BA-920B-0E27DB3F1B3F}"
EndProject
Project("{FAE04EC0-301F-11D3-BF4B-00C04F79EFBC}") = "GenerativeAI.Tools", "src\GenerativeAI.Tools\GenerativeAI.Tools.csproj", "{A222D3DD-6FC7-4F8B-922E-7448AF17BEC7}"
EndProject
Project("{FAE04EC0-301F-11D3-BF4B-00C04F79EFBC}") = "GenerativeAI.Web", "src\GenerativeAI.Web\GenerativeAI.Web.csproj", "{510BDCE7-048C-4057-BB77-EDF510E2214B}"
EndProject
Project("{FAE04EC0-301F-11D3-BF4B-00C04F79EFBC}") = "GenerativeAI.Auth", "src\GenerativeAI.Auth\GenerativeAI.Auth.csproj", "{39E077EB-B44B-44A5-8786-DC00FCF8704B}"
EndProject
Project("{FAE04EC0-301F-11D3-BF4B-00C04F79EFBC}") = "GenerativeAI.Auth.Tests", "tests\GenerativeAI.Auth.Tests\GenerativeAI.Auth.Tests.csproj", "{FEFE68A4-E816-46CB-8BD3-25FE11CB60ED}"
EndProject
Project("{FAE04EC0-301F-11D3-BF4B-00C04F79EFBC}") = "GenerativeAI.Web.Tests", "tests\GenerativeAI.Web.Tests\GenerativeAI.Web.Tests.csproj", "{3EBE9034-526D-442A-BEF3-43F4EEC97CE4}"
EndProject
Project("{FAE04EC0-301F-11D3-BF4B-00C04F79EFBC}") = "GenerativeAI.TestBase", "tests\GenerativeAI.TestBase\GenerativeAI.TestBase.csproj", "{E0AD271D-7EC4-48F9-A659-1953138BD5ED}"
EndProject
Project("{FAE04EC0-301F-11D3-BF4B-00C04F79EFBC}") = "GenerativeAI.Microsoft", "src\GenerativeAI.Microsoft\GenerativeAI.Microsoft.csproj", "{880BE84E-AFAD-4F0E-A33B-59050A9FFC3B}"
EndProject
Project("{FAE04EC0-301F-11D3-BF4B-00C04F79EFBC}") = "GenerativeAI.Microsoft.Tests", "tests\GenerativeAI.Microsoft.Tests\GenerativeAI.Microsoft.Tests.csproj", "{F2E94138-56F4-408A-84CB-AB2F6503EFAF}"
EndProject
Project("{2150E333-8FDC-42A3-9474-1A3956D46DE8}") = "samples", "samples", "{61CC49B3-1325-40EB-95DF-89E18A0D041B}"
EndProject
Project("{FAE04EC0-301F-11D3-BF4B-00C04F79EFBC}") = "JavascriptCodeExecutor", "samples\JavascriptCodeExecutor\JavascriptCodeExecutor.csproj", "{9772284A-DE44-4D36-AA65-E1D83F6C1F4D}"
EndProject
Project("{FAE04EC0-301F-11D3-BF4B-00C04F79EFBC}") = "WebIntegration", "samples\WebAppIntegration\WebIntegration\WebIntegration.csproj", "{451AD350-4318-4623-AEAF-8646B709A66F}"
EndProject
Project("{FAE04EC0-301F-11D3-BF4B-00C04F79EFBC}") = "GenerativeAI.SemanticRetrieval.Tests", "tests\GenerativeAI.SemanticRetrieval.Tests\GenerativeAI.SemanticRetrieval.Tests.csproj", "{21748900-B652-475A-AB77-4A8318B3A3E8}"
EndProject
Project("{FAE04EC0-301F-11D3-BF4B-00C04F79EFBC}") = "SemanticRetrievalDemo", "samples\SemanticRetrievalDemo\SemanticRetrievalDemo.csproj", "{87114D18-E1CE-4FDD-A228-BE15FF9B6081}"
EndProject
Project("{FAE04EC0-301F-11D3-BF4B-00C04F79EFBC}") = "GenerativeAI.Live", "src\GenerativeAI.Live\GenerativeAI.Live.csproj", "{ACB3E4E1-F967-45E7-81CD-70A4F7785AED}"
EndProject
Project("{FAE04EC0-301F-11D3-BF4B-00C04F79EFBC}") = "TwoWayAudioCommunicationWpf", "samples\TwoWayAudioCommunicationWpf\TwoWayAudioCommunicationWpf.csproj", "{8DC0FF3E-8B46-41B0-B814-6049FD80C8C3}"
EndProject
Project("{FAE04EC0-301F-11D3-BF4B-00C04F79EFBC}") = "GenerativeAI.Live.Tests", "tests\GenerativeAI.Live.Tests\GenerativeAI.Live.Tests.csproj", "{157399AE-E8D1-4306-8B59-0BDEB45AED03}"
EndProject
Global
	GlobalSection(SolutionConfigurationPlatforms) = preSolution
		Debug|Any CPU = Debug|Any CPU
		Release|Any CPU = Release|Any CPU
	EndGlobalSection
	GlobalSection(ProjectConfigurationPlatforms) = postSolution
		{3B56ADE1-2A08-4774-A7C9-7CDB5EE5735B}.Debug|Any CPU.ActiveCfg = Debug|Any CPU
		{3B56ADE1-2A08-4774-A7C9-7CDB5EE5735B}.Debug|Any CPU.Build.0 = Debug|Any CPU
		{3B56ADE1-2A08-4774-A7C9-7CDB5EE5735B}.Release|Any CPU.ActiveCfg = Release|Any CPU
		{3B56ADE1-2A08-4774-A7C9-7CDB5EE5735B}.Release|Any CPU.Build.0 = Release|Any CPU
		{734EA3CA-DB49-4FD3-ABB5-E185231B1818}.Debug|Any CPU.ActiveCfg = Debug|Any CPU
		{734EA3CA-DB49-4FD3-ABB5-E185231B1818}.Debug|Any CPU.Build.0 = Debug|Any CPU
		{734EA3CA-DB49-4FD3-ABB5-E185231B1818}.Release|Any CPU.ActiveCfg = Release|Any CPU
		{734EA3CA-DB49-4FD3-ABB5-E185231B1818}.Release|Any CPU.Build.0 = Release|Any CPU
		{3C094E6B-A3FB-43BA-920B-0E27DB3F1B3F}.Debug|Any CPU.ActiveCfg = Debug|Any CPU
		{3C094E6B-A3FB-43BA-920B-0E27DB3F1B3F}.Debug|Any CPU.Build.0 = Debug|Any CPU
		{3C094E6B-A3FB-43BA-920B-0E27DB3F1B3F}.Release|Any CPU.ActiveCfg = Release|Any CPU
		{3C094E6B-A3FB-43BA-920B-0E27DB3F1B3F}.Release|Any CPU.Build.0 = Release|Any CPU
		{A222D3DD-6FC7-4F8B-922E-7448AF17BEC7}.Debug|Any CPU.ActiveCfg = Debug|Any CPU
		{A222D3DD-6FC7-4F8B-922E-7448AF17BEC7}.Debug|Any CPU.Build.0 = Debug|Any CPU
		{A222D3DD-6FC7-4F8B-922E-7448AF17BEC7}.Release|Any CPU.ActiveCfg = Release|Any CPU
		{A222D3DD-6FC7-4F8B-922E-7448AF17BEC7}.Release|Any CPU.Build.0 = Release|Any CPU
		{510BDCE7-048C-4057-BB77-EDF510E2214B}.Debug|Any CPU.ActiveCfg = Debug|Any CPU
		{510BDCE7-048C-4057-BB77-EDF510E2214B}.Debug|Any CPU.Build.0 = Debug|Any CPU
		{510BDCE7-048C-4057-BB77-EDF510E2214B}.Release|Any CPU.ActiveCfg = Release|Any CPU
		{510BDCE7-048C-4057-BB77-EDF510E2214B}.Release|Any CPU.Build.0 = Release|Any CPU
		{39E077EB-B44B-44A5-8786-DC00FCF8704B}.Debug|Any CPU.ActiveCfg = Debug|Any CPU
		{39E077EB-B44B-44A5-8786-DC00FCF8704B}.Debug|Any CPU.Build.0 = Debug|Any CPU
		{39E077EB-B44B-44A5-8786-DC00FCF8704B}.Release|Any CPU.ActiveCfg = Release|Any CPU
		{39E077EB-B44B-44A5-8786-DC00FCF8704B}.Release|Any CPU.Build.0 = Release|Any CPU
		{FEFE68A4-E816-46CB-8BD3-25FE11CB60ED}.Debug|Any CPU.ActiveCfg = Debug|Any CPU
		{FEFE68A4-E816-46CB-8BD3-25FE11CB60ED}.Debug|Any CPU.Build.0 = Debug|Any CPU
		{FEFE68A4-E816-46CB-8BD3-25FE11CB60ED}.Release|Any CPU.ActiveCfg = Release|Any CPU
		{FEFE68A4-E816-46CB-8BD3-25FE11CB60ED}.Release|Any CPU.Build.0 = Release|Any CPU
		{3EBE9034-526D-442A-BEF3-43F4EEC97CE4}.Debug|Any CPU.ActiveCfg = Debug|Any CPU
		{3EBE9034-526D-442A-BEF3-43F4EEC97CE4}.Debug|Any CPU.Build.0 = Debug|Any CPU
		{3EBE9034-526D-442A-BEF3-43F4EEC97CE4}.Release|Any CPU.ActiveCfg = Release|Any CPU
		{3EBE9034-526D-442A-BEF3-43F4EEC97CE4}.Release|Any CPU.Build.0 = Release|Any CPU
		{E0AD271D-7EC4-48F9-A659-1953138BD5ED}.Debug|Any CPU.ActiveCfg = Debug|Any CPU
		{E0AD271D-7EC4-48F9-A659-1953138BD5ED}.Debug|Any CPU.Build.0 = Debug|Any CPU
		{E0AD271D-7EC4-48F9-A659-1953138BD5ED}.Release|Any CPU.ActiveCfg = Release|Any CPU
		{E0AD271D-7EC4-48F9-A659-1953138BD5ED}.Release|Any CPU.Build.0 = Release|Any CPU
		{880BE84E-AFAD-4F0E-A33B-59050A9FFC3B}.Debug|Any CPU.ActiveCfg = Debug|Any CPU
		{880BE84E-AFAD-4F0E-A33B-59050A9FFC3B}.Debug|Any CPU.Build.0 = Debug|Any CPU
		{880BE84E-AFAD-4F0E-A33B-59050A9FFC3B}.Release|Any CPU.ActiveCfg = Release|Any CPU
		{880BE84E-AFAD-4F0E-A33B-59050A9FFC3B}.Release|Any CPU.Build.0 = Release|Any CPU
		{F2E94138-56F4-408A-84CB-AB2F6503EFAF}.Debug|Any CPU.ActiveCfg = Debug|Any CPU
		{F2E94138-56F4-408A-84CB-AB2F6503EFAF}.Debug|Any CPU.Build.0 = Debug|Any CPU
		{F2E94138-56F4-408A-84CB-AB2F6503EFAF}.Release|Any CPU.ActiveCfg = Release|Any CPU
		{F2E94138-56F4-408A-84CB-AB2F6503EFAF}.Release|Any CPU.Build.0 = Release|Any CPU
		{9772284A-DE44-4D36-AA65-E1D83F6C1F4D}.Debug|Any CPU.ActiveCfg = Debug|Any CPU
		{9772284A-DE44-4D36-AA65-E1D83F6C1F4D}.Debug|Any CPU.Build.0 = Debug|Any CPU
		{9772284A-DE44-4D36-AA65-E1D83F6C1F4D}.Release|Any CPU.ActiveCfg = Release|Any CPU
		{9772284A-DE44-4D36-AA65-E1D83F6C1F4D}.Release|Any CPU.Build.0 = Release|Any CPU
		{451AD350-4318-4623-AEAF-8646B709A66F}.Debug|Any CPU.ActiveCfg = Debug|Any CPU
		{451AD350-4318-4623-AEAF-8646B709A66F}.Debug|Any CPU.Build.0 = Debug|Any CPU
		{451AD350-4318-4623-AEAF-8646B709A66F}.Release|Any CPU.ActiveCfg = Release|Any CPU
		{451AD350-4318-4623-AEAF-8646B709A66F}.Release|Any CPU.Build.0 = Release|Any CPU
		{21748900-B652-475A-AB77-4A8318B3A3E8}.Debug|Any CPU.ActiveCfg = Debug|Any CPU
		{21748900-B652-475A-AB77-4A8318B3A3E8}.Debug|Any CPU.Build.0 = Debug|Any CPU
		{21748900-B652-475A-AB77-4A8318B3A3E8}.Release|Any CPU.ActiveCfg = Release|Any CPU
		{21748900-B652-475A-AB77-4A8318B3A3E8}.Release|Any CPU.Build.0 = Release|Any CPU
		{87114D18-E1CE-4FDD-A228-BE15FF9B6081}.Debug|Any CPU.ActiveCfg = Debug|Any CPU
		{87114D18-E1CE-4FDD-A228-BE15FF9B6081}.Debug|Any CPU.Build.0 = Debug|Any CPU
		{87114D18-E1CE-4FDD-A228-BE15FF9B6081}.Release|Any CPU.ActiveCfg = Release|Any CPU
		{87114D18-E1CE-4FDD-A228-BE15FF9B6081}.Release|Any CPU.Build.0 = Release|Any CPU
		{ACB3E4E1-F967-45E7-81CD-70A4F7785AED}.Debug|Any CPU.ActiveCfg = Debug|Any CPU
		{ACB3E4E1-F967-45E7-81CD-70A4F7785AED}.Debug|Any CPU.Build.0 = Debug|Any CPU
		{ACB3E4E1-F967-45E7-81CD-70A4F7785AED}.Release|Any CPU.ActiveCfg = Release|Any CPU
		{ACB3E4E1-F967-45E7-81CD-70A4F7785AED}.Release|Any CPU.Build.0 = Release|Any CPU
		{8DC0FF3E-8B46-41B0-B814-6049FD80C8C3}.Debug|Any CPU.ActiveCfg = Debug|Any CPU
		{8DC0FF3E-8B46-41B0-B814-6049FD80C8C3}.Debug|Any CPU.Build.0 = Debug|Any CPU
		{8DC0FF3E-8B46-41B0-B814-6049FD80C8C3}.Release|Any CPU.ActiveCfg = Release|Any CPU
		{8DC0FF3E-8B46-41B0-B814-6049FD80C8C3}.Release|Any CPU.Build.0 = Release|Any CPU
		{157399AE-E8D1-4306-8B59-0BDEB45AED03}.Debug|Any CPU.ActiveCfg = Debug|Any CPU
		{157399AE-E8D1-4306-8B59-0BDEB45AED03}.Debug|Any CPU.Build.0 = Debug|Any CPU
		{157399AE-E8D1-4306-8B59-0BDEB45AED03}.Release|Any CPU.ActiveCfg = Release|Any CPU
		{157399AE-E8D1-4306-8B59-0BDEB45AED03}.Release|Any CPU.Build.0 = Release|Any CPU
	EndGlobalSection
	GlobalSection(SolutionProperties) = preSolution
		HideSolutionNode = FALSE
	EndGlobalSection
	GlobalSection(NestedProjects) = preSolution
		{3B56ADE1-2A08-4774-A7C9-7CDB5EE5735B} = {AC161F1D-EC76-48D2-86A3-B52584618D49}
		{734EA3CA-DB49-4FD3-ABB5-E185231B1818} = {FCCDE15A-B121-4D6C-BD56-D1B043A26F18}
		{3C094E6B-A3FB-43BA-920B-0E27DB3F1B3F} = {FCCDE15A-B121-4D6C-BD56-D1B043A26F18}
		{A222D3DD-6FC7-4F8B-922E-7448AF17BEC7} = {AC161F1D-EC76-48D2-86A3-B52584618D49}
		{510BDCE7-048C-4057-BB77-EDF510E2214B} = {AC161F1D-EC76-48D2-86A3-B52584618D49}
		{39E077EB-B44B-44A5-8786-DC00FCF8704B} = {AC161F1D-EC76-48D2-86A3-B52584618D49}
		{FEFE68A4-E816-46CB-8BD3-25FE11CB60ED} = {FCCDE15A-B121-4D6C-BD56-D1B043A26F18}
		{3EBE9034-526D-442A-BEF3-43F4EEC97CE4} = {FCCDE15A-B121-4D6C-BD56-D1B043A26F18}
		{E0AD271D-7EC4-48F9-A659-1953138BD5ED} = {FCCDE15A-B121-4D6C-BD56-D1B043A26F18}
		{880BE84E-AFAD-4F0E-A33B-59050A9FFC3B} = {AC161F1D-EC76-48D2-86A3-B52584618D49}
		{F2E94138-56F4-408A-84CB-AB2F6503EFAF} = {FCCDE15A-B121-4D6C-BD56-D1B043A26F18}
		{9772284A-DE44-4D36-AA65-E1D83F6C1F4D} = {61CC49B3-1325-40EB-95DF-89E18A0D041B}
		{451AD350-4318-4623-AEAF-8646B709A66F} = {61CC49B3-1325-40EB-95DF-89E18A0D041B}
		{21748900-B652-475A-AB77-4A8318B3A3E8} = {FCCDE15A-B121-4D6C-BD56-D1B043A26F18}
		{87114D18-E1CE-4FDD-A228-BE15FF9B6081} = {61CC49B3-1325-40EB-95DF-89E18A0D041B}
		{ACB3E4E1-F967-45E7-81CD-70A4F7785AED} = {AC161F1D-EC76-48D2-86A3-B52584618D49}
		{8DC0FF3E-8B46-41B0-B814-6049FD80C8C3} = {61CC49B3-1325-40EB-95DF-89E18A0D041B}
		{157399AE-E8D1-4306-8B59-0BDEB45AED03} = {FCCDE15A-B121-4D6C-BD56-D1B043A26F18}
	EndGlobalSection
	GlobalSection(ExtensibilityGlobals) = postSolution
		SolutionGuid = {FFF3E8BB-BACD-4376-8E33-55D6E8A30BE0}
	EndGlobalSection
EndGlobal
